
Microsoft Visual Studio Solution File, Format Version 12.00
# Visual Studio Version 17
VisualStudioVersion = 17.3.32819.101
MinimumVisualStudioVersion = 10.0.40219.1
Project("{FAE04EC0-301F-11D3-BF4B-00C04F79EFBC}") = "Hdeleon-Facturacion", "Hdeleon-Facturacion\Hdeleon-Facturacion.csproj", "{38F5D0E6-1C3A-4BEF-8B01-F319B721E075}"
EndProject
Project("{FAE04EC0-301F-11D3-BF4B-00C04F79EFBC}") = "CFDI3_3", "CFDI3_3\CFDI3_3.csproj", "{E2FB2AFB-8DA7-44C2-AF8E-4ED195B8552E}"
EndProject
Project("{FAE04EC0-301F-11D3-BF4B-00C04F79EFBC}") = "CosmixERP.AccessLayer", "CosmixERP.AccessLayer\CosmixERP.AccessLayer.csproj", "{C0A8BF3D-837C-4AA9-BADE-8355CE774E50}"
EndProject
Global
	GlobalSection(SolutionConfigurationPlatforms) = preSolution
		Debug|Any CPU = Debug|Any CPU
		Debug|x86 = Debug|x86
		Release|Any CPU = Release|Any CPU
		Release|x86 = Release|x86
	EndGlobalSection
	GlobalSection(ProjectConfigurationPlatforms) = postSolution
		{38F5D0E6-1C3A-4BEF-8B01-F319B721E075}.Debug|Any CPU.ActiveCfg = Release|Any CPU
		{38F5D0E6-1C3A-4BEF-8B01-F319B721E075}.Debug|Any CPU.Build.0 = Release|Any CPU
		{38F5D0E6-1C3A-4BEF-8B01-F319B721E075}.Debug|x86.ActiveCfg = Release|x86
		{38F5D0E6-1C3A-4BEF-8B01-F319B721E075}.Debug|x86.Build.0 = Release|x86
		{38F5D0E6-1C3A-4BEF-8B01-F319B721E075}.Release|Any CPU.ActiveCfg = Release|Any CPU
		{38F5D0E6-1C3A-4BEF-8B01-F319B721E075}.Release|Any CPU.Build.0 = Release|Any CPU
		{38F5D0E6-1C3A-4BEF-8B01-F319B721E075}.Release|x86.ActiveCfg = Release|x86
		{38F5D0E6-1C3A-4BEF-8B01-F319B721E075}.Release|x86.Build.0 = Release|x86
		{E2FB2AFB-8DA7-44C2-AF8E-4ED195B8552E}.Debug|Any CPU.ActiveCfg = Release|Any CPU
		{E2FB2AFB-8DA7-44C2-AF8E-4ED195B8552E}.Debug|Any CPU.Build.0 = Release|Any CPU
		{E2FB2AFB-8DA7-44C2-AF8E-4ED195B8552E}.Debug|x86.ActiveCfg = Release|Any CPU
		{E2FB2AFB-8DA7-44C2-AF8E-4ED195B8552E}.Debug|x86.Build.0 = Release|Any CPU
		{E2FB2AFB-8DA7-44C2-AF8E-4ED195B8552E}.Release|Any CPU.ActiveCfg = Release|Any CPU
		{E2FB2AFB-8DA7-44C2-AF8E-4ED195B8552E}.Release|Any CPU.Build.0 = Release|Any CPU
		{E2FB2AFB-8DA7-44C2-AF8E-4ED195B8552E}.Release|x86.ActiveCfg = Release|x86
		{E2FB2AFB-8DA7-44C2-AF8E-4ED195B8552E}.Release|x86.Build.0 = Release|x86
		{C0A8BF3D-837C-4AA9-BADE-8355CE774E50}.Debug|Any CPU.ActiveCfg = Release|Any CPU
		{C0A8BF3D-837C-4AA9-BADE-8355CE774E50}.Debug|Any CPU.Build.0 = Release|Any CPU
		{C0A8BF3D-837C-4AA9-BADE-8355CE774E50}.Debug|x86.ActiveCfg = Release|Any CPU
		{C0A8BF3D-837C-4AA9-BADE-8355CE774E50}.Debug|x86.Build.0 = Release|Any CPU
		{C0A8BF3D-837C-4AA9-BADE-8355CE774E50}.Release|Any CPU.ActiveCfg = Release|Any CPU
		{C0A8BF3D-837C-4AA9-BADE-8355CE774E50}.Release|Any CPU.Build.0 = Release|Any CPU
		{C0A8BF3D-837C-4AA9-BADE-8355CE774E50}.Release|x86.ActiveCfg = Release|x86
		{C0A8BF3D-837C-4AA9-BADE-8355CE774E50}.Release|x86.Build.0 = Release|x86
	EndGlobalSection
	GlobalSection(SolutionProperties) = preSolution
		HideSolutionNode = FALSE
	EndGlobalSection
	GlobalSection(ExtensibilityGlobals) = postSolution
		SolutionGuid = {0BAA2572-D097-4285-9C7B-815C03613627}
	EndGlobalSection
EndGlobal
